// !$*UTF8*$!
{
	archiveVersion = 1;
	classes = {
	};
	objectVersion = 56;
	objects = {

/* Begin PBXBuildFile section */
		E427A2692BFC9899004FAAAB /* swiftProApp.swift in Sources */ = {isa = PBXBuildFile; fileRef = E427A2682BFC9899004FAAAB /* swiftProApp.swift */; };
		E427A26B2BFC9899004FAAAB /* ContentView.swift in Sources */ = {isa = PBXBuildFile; fileRef = E427A26A2BFC9899004FAAAB /* ContentView.swift */; };
		E427A26D2BFC9899004FAAAB /* Assets.xcassets in Resources */ = {isa = PBXBuildFile; fileRef = E427A26C2BFC9899004FAAAB /* Assets.xcassets */; };
		E427A2702BFC9899004FAAAB /* Preview Assets.xcassets in Resources */ = {isa = PBXBuildFile; fileRef = E427A26F2BFC9899004FAAAB /* Preview Assets.xcassets */; };
		E427A27A2BFC989A004FAAAB /* swiftProTests.swift in Sources */ = {isa = PBXBuildFile; fileRef = E427A2792BFC989A004FAAAB /* swiftProTests.swift */; };
		E427A2842BFC989A004FAAAB /* swiftProUITests.swift in Sources */ = {isa = PBXBuildFile; fileRef = E427A2832BFC989A004FAAAB /* swiftProUITests.swift */; };
		E427A2862BFC989A004FAAAB /* swiftProUITestsLaunchTests.swift in Sources */ = {isa = PBXBuildFile; fileRef = E427A2852BFC989A004FAAAB /* swiftProUITestsLaunchTests.swift */; };
		E46ADB7B2C005AA4005F7F64 /* Kingfisher in Frameworks */ = {isa = PBXBuildFile; productRef = E46ADB7A2C005AA4005F7F64 /* Kingfisher */; };
		E4B2B1C12BFCADAE00A91A53 /* Alamofire in Frameworks */ = {isa = PBXBuildFile; productRef = E4B2B1C02BFCADAE00A91A53 /* Alamofire */; };
/* End PBXBuildFile section */

/* Begin PBXContainerItemProxy section */
		E427A2762BFC989A004FAAAB /* PBXContainerItemProxy */ = {
			isa = PBXContainerItemProxy;
			containerPortal = E427A25D2BFC9899004FAAAB /* Project object */;
			proxyType = 1;
			remoteGlobalIDString = E427A2642BFC9899004FAAAB;
			remoteInfo = swiftPro;
		};
		E427A2802BFC989A004FAAAB /* PBXContainerItemProxy */ = {
			isa = PBXContainerItemProxy;
			containerPortal = E427A25D2BFC9899004FAAAB /* Project object */;
			proxyType = 1;
			remoteGlobalIDString = E427A2642BFC9899004FAAAB;
			remoteInfo = swiftPro;
		};
/* End PBXContainerItemProxy section */

/* Begin PBXFileReference section */
		E427A2652BFC9899004FAAAB /* swiftPro.app */ = {isa = PBXFileReference; explicitFileType = wrapper.application; includeInIndex = 0; path = swiftPro.app; sourceTree = BUILT_PRODUCTS_DIR; };
		E427A2682BFC9899004FAAAB /* swiftProApp.swift */ = {isa = PBXFileReference; lastKnownFileType = sourcecode.swift; path = swiftProApp.swift; sourceTree = "<group>"; };
		E427A26A2BFC9899004FAAAB /* ContentView.swift */ = {isa = PBXFileReference; lastKnownFileType = sourcecode.swift; path = ContentView.swift; sourceTree = "<group>"; };
		E427A26C2BFC9899004FAAAB /* Assets.xcassets */ = {isa = PBXFileReference; lastKnownFileType = folder.assetcatalog; path = Assets.xcassets; sourceTree = "<group>"; };
		E427A26F2BFC9899004FAAAB /* Preview Assets.xcassets */ = {isa = PBXFileReference; lastKnownFileType = folder.assetcatalog; path = "Preview Assets.xcassets"; sourceTree = "<group>"; };
		E427A2752BFC989A004FAAAB /* swiftProTests.xctest */ = {isa = PBXFileReference; explicitFileType = wrapper.cfbundle; includeInIndex = 0; path = swiftProTests.xctest; sourceTree = BUILT_PRODUCTS_DIR; };
		E427A2792BFC989A004FAAAB /* swiftProTests.swift */ = {isa = PBXFileReference; lastKnownFileType = sourcecode.swift; path = swiftProTests.swift; sourceTree = "<group>"; };
		E427A27F2BFC989A004FAAAB /* swiftProUITests.xctest */ = {isa = PBXFileReference; explicitFileType = wrapper.cfbundle; includeInIndex = 0; path = swiftProUITests.xctest; sourceTree = BUILT_PRODUCTS_DIR; };
		E427A2832BFC989A004FAAAB /* swiftProUITests.swift */ = {isa = PBXFileReference; lastKnownFileType = sourcecode.swift; path = swiftProUITests.swift; sourceTree = "<group>"; };
		E427A2852BFC989A004FAAAB /* swiftProUITestsLaunchTests.swift */ = {isa = PBXFileReference; lastKnownFileType = sourcecode.swift; path = swiftProUITestsLaunchTests.swift; sourceTree = "<group>"; };
/* End PBXFileReference section */

/* Begin PBXFrameworksBuildPhase section */
		E427A2622BFC9899004FAAAB /* Frameworks */ = {
			isa = PBXFrameworksBuildPhase;
			buildActionMask = 2147483647;
			files = (
				E46ADB7B2C005AA4005F7F64 /* Kingfisher in Frameworks */,
				E4B2B1C12BFCADAE00A91A53 /* Alamofire in Frameworks */,
			);
			runOnlyForDeploymentPostprocessing = 0;
		};
		E427A2722BFC989A004FAAAB /* Frameworks */ = {
			isa = PBXFrameworksBuildPhase;
			buildActionMask = 2147483647;
			files = (
			);
			runOnlyForDeploymentPostprocessing = 0;
		};
		E427A27C2BFC989A004FAAAB /* Frameworks */ = {
			isa = PBXFrameworksBuildPhase;
			buildActionMask = 2147483647;
			files = (
			);
			runOnlyForDeploymentPostprocessing = 0;
		};
/* End PBXFrameworksBuildPhase section */

/* Begin PBXGroup section */
		E427A25C2BFC9899004FAAAB = {
			isa = PBXGroup;
			children = (
				E427A2672BFC9899004FAAAB /* swiftPro */,
				E427A2782BFC989A004FAAAB /* swiftProTests */,
				E427A2822BFC989A004FAAAB /* swiftProUITests */,
				E427A2662BFC9899004FAAAB /* Products */,
				E4B2B1BF2BFCADAE00A91A53 /* Frameworks */,
			);
			sourceTree = "<group>";
		};
		E427A2662BFC9899004FAAAB /* Products */ = {
			isa = PBXGroup;
			children = (
				E427A2652BFC9899004FAAAB /* swiftPro.app */,
				E427A2752BFC989A004FAAAB /* swiftProTests.xctest */,
				E427A27F2BFC989A004FAAAB /* swiftProUITests.xctest */,
			);
			name = Products;
			sourceTree = "<group>";
		};
		E427A2672BFC9899004FAAAB /* swiftPro */ = {
			isa = PBXGroup;
			children = (
				E427A2682BFC9899004FAAAB /* swiftProApp.swift */,
				E427A26A2BFC9899004FAAAB /* ContentView.swift */,
				E427A26C2BFC9899004FAAAB /* Assets.xcassets */,
				E427A26E2BFC9899004FAAAB /* Preview Content */,
			);
			path = swiftPro;
			sourceTree = "<group>";
		};
		E427A26E2BFC9899004FAAAB /* Preview Content */ = {
			isa = PBXGroup;
			children = (
				E427A26F2BFC9899004FAAAB /* Preview Assets.xcassets */,
			);
			path = "Preview Content";
			sourceTree = "<group>";
		};
		E427A2782BFC989A004FAAAB /* swiftProTests */ = {
			isa = PBXGroup;
			children = (
				E427A2792BFC989A004FAAAB /* swiftProTests.swift */,
			);
			path = swiftProTests;
			sourceTree = "<group>";
		};
		E427A2822BFC989A004FAAAB /* swiftProUITests */ = {
			isa = PBXGroup;
			children = (
				E427A2832BFC989A004FAAAB /* swiftProUITests.swift */,
				E427A2852BFC989A004FAAAB /* swiftProUITestsLaunchTests.swift */,
			);
			path = swiftProUITests;
			sourceTree = "<group>";
		};
		E4B2B1BF2BFCADAE00A91A53 /* Frameworks */ = {
			isa = PBXGroup;
			children = (
			);
			name = Frameworks;
			sourceTree = "<group>";
		};
/* End PBXGroup section */

/* Begin PBXNativeTarget section */
		E427A2642BFC9899004FAAAB /* swiftPro */ = {
			isa = PBXNativeTarget;
			buildConfigurationList = E427A2892BFC989A004FAAAB /* Build configuration list for PBXNativeTarget "swiftPro" */;
			buildPhases = (
				E427A2612BFC9899004FAAAB /* Sources */,
				E427A2622BFC9899004FAAAB /* Frameworks */,
				E427A2632BFC9899004FAAAB /* Resources */,
			);
			buildRules = (
			);
			dependencies = (
			);
			name = swiftPro;
			packageProductDependencies = (
				E4B2B1C02BFCADAE00A91A53 /* Alamofire */,
				E46ADB7A2C005AA4005F7F64 /* Kingfisher */,
			);
			productName = swiftPro;
			productReference = E427A2652BFC9899004FAAAB /* swiftPro.app */;
			productType = "com.apple.product-type.application";
		};
		E427A2742BFC989A004FAAAB /* swiftProTests */ = {
			isa = PBXNativeTarget;
			buildConfigurationList = E427A28C2BFC989A004FAAAB /* Build configuration list for PBXNativeTarget "swiftProTests" */;
			buildPhases = (
				E427A2712BFC989A004FAAAB /* Sources */,
				E427A2722BFC989A004FAAAB /* Frameworks */,
				E427A2732BFC989A004FAAAB /* Resources */,
			);
			buildRules = (
			);
			dependencies = (
				E427A2772BFC989A004FAAAB /* PBXTargetDependency */,
			);
			name = swiftProTests;
			productName = swiftProTests;
			productReference = E427A2752BFC989A004FAAAB /* swiftProTests.xctest */;
			productType = "com.apple.product-type.bundle.unit-test";
		};
		E427A27E2BFC989A004FAAAB /* swiftProUITests */ = {
			isa = PBXNativeTarget;
			buildConfigurationList = E427A28F2BFC989A004FAAAB /* Build configuration list for PBXNativeTarget "swiftProUITests" */;
			buildPhases = (
				E427A27B2BFC989A004FAAAB /* Sources */,
				E427A27C2BFC989A004FAAAB /* Frameworks */,
				E427A27D2BFC989A004FAAAB /* Resources */,
			);
			buildRules = (
			);
			dependencies = (
				E427A2812BFC989A004FAAAB /* PBXTargetDependency */,
			);
			name = swiftProUITests;
			productName = swiftProUITests;
			productReference = E427A27F2BFC989A004FAAAB /* swiftProUITests.xctest */;
			productType = "com.apple.product-type.bundle.ui-testing";
		};
/* End PBXNativeTarget section */

/* Begin PBXProject section */
		E427A25D2BFC9899004FAAAB /* Project object */ = {
			isa = PBXProject;
			attributes = {
				BuildIndependentTargetsInParallel = 1;
				LastSwiftUpdateCheck = 1540;
				LastUpgradeCheck = 1540;
				TargetAttributes = {
					E427A2642BFC9899004FAAAB = {
						CreatedOnToolsVersion = 15.4;
					};
					E427A2742BFC989A004FAAAB = {
						CreatedOnToolsVersion = 15.4;
						TestTargetID = E427A2642BFC9899004FAAAB;
					};
					E427A27E2BFC989A004FAAAB = {
						CreatedOnToolsVersion = 15.4;
						TestTargetID = E427A2642BFC9899004FAAAB;
					};
				};
			};
			buildConfigurationList = E427A2602BFC9899004FAAAB /* Build configuration list for PBXProject "swiftPro" */;
			compatibilityVersion = "Xcode 14.0";
			developmentRegion = en;
			hasScannedForEncodings = 0;
			knownRegions = (
				en,
				Base,
			);
			mainGroup = E427A25C2BFC9899004FAAAB;
			packageReferences = (
				E427A2922BFC9D8C004FAAAB /* XCRemoteSwiftPackageReference "Alamofire" */,
				E46ADB792C005A96005F7F64 /* XCRemoteSwiftPackageReference "Kingfisher" */,
			);
			productRefGroup = E427A2662BFC9899004FAAAB /* Products */;
			projectDirPath = "";
			projectRoot = "";
			targets = (
				E427A2642BFC9899004FAAAB /* swiftPro */,
				E427A2742BFC989A004FAAAB /* swiftProTests */,
				E427A27E2BFC989A004FAAAB /* swiftProUITests */,
			);
		};
/* End PBXProject section */

/* Begin PBXResourcesBuildPhase section */
		E427A2632BFC9899004FAAAB /* Resources */ = {
			isa = PBXResourcesBuildPhase;
			buildActionMask = 2147483647;
			files = (
				E427A2702BFC9899004FAAAB /* Preview Assets.xcassets in Resources */,
				E427A26D2BFC9899004FAAAB /* Assets.xcassets in Resources */,
			);
			runOnlyForDeploymentPostprocessing = 0;
		};
		E427A2732BFC989A004FAAAB /* Resources */ = {
			isa = PBXResourcesBuildPhase;
			buildActionMask = 2147483647;
			files = (
			);
			runOnlyForDeploymentPostprocessing = 0;
		};
		E427A27D2BFC989A004FAAAB /* Resources */ = {
			isa = PBXResourcesBuildPhase;
			buildActionMask = 2147483647;
			files = (
			);
			runOnlyForDeploymentPostprocessing = 0;
		};
/* End PBXResourcesBuildPhase section */

/* Begin PBXSourcesBuildPhase section */
		E427A2612BFC9899004FAAAB /* Sources */ = {
			isa = PBXSourcesBuildPhase;
			buildActionMask = 2147483647;
			files = (
				E427A26B2BFC9899004FAAAB /* ContentView.swift in Sources */,
				E427A2692BFC9899004FAAAB /* swiftProApp.swift in Sources */,
			);
			runOnlyForDeploymentPostprocessing = 0;
		};
		E427A2712BFC989A004FAAAB /* Sources */ = {
			isa = PBXSourcesBuildPhase;
			buildActionMask = 2147483647;
			files = (
				E427A27A2BFC989A004FAAAB /* swiftProTests.swift in Sources */,
			);
			runOnlyForDeploymentPostprocessing = 0;
		};
		E427A27B2BFC989A004FAAAB /* Sources */ = {
			isa = PBXSourcesBuildPhase;
			buildActionMask = 2147483647;
			files = (
				E427A2862BFC989A004FAAAB /* swiftProUITestsLaunchTests.swift in Sources */,
				E427A2842BFC989A004FAAAB /* swiftProUITests.swift in Sources */,
			);
			runOnlyForDeploymentPostprocessing = 0;
		};
/* End PBXSourcesBuildPhase section */

/* Begin PBXTargetDependency section */
		E427A2772BFC989A004FAAAB /* PBXTargetDependency */ = {
			isa = PBXTargetDependency;
			target = E427A2642BFC9899004FAAAB /* swiftPro */;
			targetProxy = E427A2762BFC989A004FAAAB /* PBXContainerItemProxy */;
		};
		E427A2812BFC989A004FAAAB /* PBXTargetDependency */ = {
			isa = PBXTargetDependency;
			target = E427A2642BFC9899004FAAAB /* swiftPro */;
			targetProxy = E427A2802BFC989A004FAAAB /* PBXContainerItemProxy */;
		};
/* End PBXTargetDependency section */

/* Begin XCBuildConfiguration section */
		E427A2872BFC989A004FAAAB /* Debug */ = {
			isa = XCBuildConfiguration;
			buildSettings = {
				ALWAYS_SEARCH_USER_PATHS = NO;
				ASSETCATALOG_COMPILER_GENERATE_SWIFT_ASSET_SYMBOL_EXTENSIONS = YES;
				CLANG_ANALYZER_NONNULL = YES;
				CLANG_ANALYZER_NUMBER_OBJECT_CONVERSION = YES_AGGRESSIVE;
				CLANG_CXX_LANGUAGE_STANDARD = "gnu++20";
				CLANG_ENABLE_MODULES = YES;
				CLANG_ENABLE_OBJC_ARC = YES;
				CLANG_ENABLE_OBJC_WEAK = YES;
				CLANG_WARN_BLOCK_CAPTURE_AUTORELEASING = YES;
				CLANG_WARN_BOOL_CONVERSION = YES;
				CLANG_WARN_COMMA = YES;
				CLANG_WARN_CONSTANT_CONVERSION = YES;
				CLANG_WARN_DEPRECATED_OBJC_IMPLEMENTATIONS = YES;
				CLANG_WARN_DIRECT_OBJC_ISA_USAGE = YES_ERROR;
				CLANG_WARN_DOCUMENTATION_COMMENTS = YES;
				CLANG_WARN_EMPTY_BODY = YES;
				CLANG_WARN_ENUM_CONVERSION = YES;
				CLANG_WARN_INFINITE_RECURSION = YES;
				CLANG_WARN_INT_CONVERSION = YES;
				CLANG_WARN_NON_LITERAL_NULL_CONVERSION = YES;
				CLANG_WARN_OBJC_IMPLICIT_RETAIN_SELF = YES;
				CLANG_WARN_OBJC_LITERAL_CONVERSION = YES;
				CLANG_WARN_OBJC_ROOT_CLASS = YES_ERROR;
				CLANG_WARN_QUOTED_INCLUDE_IN_FRAMEWORK_HEADER = YES;
				CLANG_WARN_RANGE_LOOP_ANALYSIS = YES;
				CLANG_WARN_STRICT_PROTOTYPES = YES;
				CLANG_WARN_SUSPICIOUS_MOVE = YES;
				CLANG_WARN_UNGUARDED_AVAILABILITY = YES_AGGRESSIVE;
				CLANG_WARN_UNREACHABLE_CODE = YES;
				CLANG_WARN__DUPLICATE_METHOD_MATCH = YES;
				COPY_PHASE_STRIP = NO;
				DEBUG_INFORMATION_FORMAT = dwarf;
				ENABLE_STRICT_OBJC_MSGSEND = YES;
				ENABLE_TESTABILITY = YES;
				ENABLE_USER_SCRIPT_SANDBOXING = YES;
				GCC_C_LANGUAGE_STANDARD = gnu17;
				GCC_DYNAMIC_NO_PIC = NO;
				GCC_NO_COMMON_BLOCKS = YES;
				GCC_OPTIMIZATION_LEVEL = 0;
				GCC_PREPROCESSOR_DEFINITIONS = (
					"DEBUG=1",
					"$(inherited)",
				);
				GCC_WARN_64_TO_32_BIT_CONVERSION = YES;
				GCC_WARN_ABOUT_RETURN_TYPE = YES_ERROR;
				GCC_WARN_UNDECLARED_SELECTOR = YES;
				GCC_WARN_UNINITIALIZED_AUTOS = YES_AGGRESSIVE;
				GCC_WARN_UNUSED_FUNCTION = YES;
				GCC_WARN_UNUSED_VARIABLE = YES;
				IPHONEOS_DEPLOYMENT_TARGET = 17.5;
				LOCALIZATION_PREFERS_STRING_CATALOGS = YES;
				MTL_ENABLE_DEBUG_INFO = INCLUDE_SOURCE;
				MTL_FAST_MATH = YES;
				ONLY_ACTIVE_ARCH = YES;
				SDKROOT = iphoneos;
				SWIFT_ACTIVE_COMPILATION_CONDITIONS = "DEBUG $(inherited)";
				SWIFT_OPTIMIZATION_LEVEL = "-Onone";
			};
			name = Debug;
		};
		E427A2882BFC989A004FAAAB /* Release */ = {
			isa = XCBuildConfiguration;
			buildSettings = {
				ALWAYS_SEARCH_USER_PATHS = NO;
				ASSETCATALOG_COMPILER_GENERATE_SWIFT_ASSET_SYMBOL_EXTENSIONS = YES;
				CLANG_ANALYZER_NONNULL = YES;
				CLANG_ANALYZER_NUMBER_OBJECT_CONVERSION = YES_AGGRESSIVE;
				CLANG_CXX_LANGUAGE_STANDARD = "gnu++20";
				CLANG_ENABLE_MODULES = YES;
				CLANG_ENABLE_OBJC_ARC = YES;
				CLANG_ENABLE_OBJC_WEAK = YES;
				CLANG_WARN_BLOCK_CAPTURE_AUTORELEASING = YES;
				CLANG_WARN_BOOL_CONVERSION = YES;
				CLANG_WARN_COMMA = YES;
				CLANG_WARN_CONSTANT_CONVERSION = YES;
				CLANG_WARN_DEPRECATED_OBJC_IMPLEMENTATIONS = YES;
				CLANG_WARN_DIRECT_OBJC_ISA_USAGE = YES_ERROR;
				CLANG_WARN_DOCUMENTATION_COMMENTS = YES;
				CLANG_WARN_EMPTY_BODY = YES;
				CLANG_WARN_ENUM_CONVERSION = YES;
				CLANG_WARN_INFINITE_RECURSION = YES;
				CLANG_WARN_INT_CONVERSION = YES;
				CLANG_WARN_NON_LITERAL_NULL_CONVERSION = YES;
				CLANG_WARN_OBJC_IMPLICIT_RETAIN_SELF = YES;
				CLANG_WARN_OBJC_LITERAL_CONVERSION = YES;
				CLANG_WARN_OBJC_ROOT_CLASS = YES_ERROR;
				CLANG_WARN_QUOTED_INCLUDE_IN_FRAMEWORK_HEADER = YES;
				CLANG_WARN_RANGE_LOOP_ANALYSIS = YES;
				CLANG_WARN_STRICT_PROTOTYPES = YES;
				CLANG_WARN_SUSPICIOUS_MOVE = YES;
				CLANG_WARN_UNGUARDED_AVAILABILITY = YES_AGGRESSIVE;
				CLANG_WARN_UNREACHABLE_CODE = YES;
				CLANG_WARN__DUPLICATE_METHOD_MATCH = YES;
				COPY_PHASE_STRIP = NO;
				DEBUG_INFORMATION_FORMAT = "dwarf-with-dsym";
				ENABLE_NS_ASSERTIONS = NO;
				ENABLE_STRICT_OBJC_MSGSEND = YES;
				ENABLE_USER_SCRIPT_SANDBOXING = YES;
				GCC_C_LANGUAGE_STANDARD = gnu17;
				GCC_NO_COMMON_BLOCKS = YES;
				GCC_WARN_64_TO_32_BIT_CONVERSION = YES;
				GCC_WARN_ABOUT_RETURN_TYPE = YES_ERROR;
				GCC_WARN_UNDECLARED_SELECTOR = YES;
				GCC_WARN_UNINITIALIZED_AUTOS = YES_AGGRESSIVE;
				GCC_WARN_UNUSED_FUNCTION = YES;
				GCC_WARN_UNUSED_VARIABLE = YES;
				IPHONEOS_DEPLOYMENT_TARGET = 17.5;
				LOCALIZATION_PREFERS_STRING_CATALOGS = YES;
				MTL_ENABLE_DEBUG_INFO = NO;
				MTL_FAST_MATH = YES;
				SDKROOT = iphoneos;
				SWIFT_COMPILATION_MODE = wholemodule;
				VALIDATE_PRODUCT = YES;
			};
			name = Release;
		};
		E427A28A2BFC989A004FAAAB /* Debug */ = {
			isa = XCBuildConfiguration;
			buildSettings = {
				ASSETCATALOG_COMPILER_APPICON_NAME = AppIcon;
				ASSETCATALOG_COMPILER_GLOBAL_ACCENT_COLOR_NAME = AccentColor;
				CODE_SIGN_STYLE = Automatic;
				CURRENT_PROJECT_VERSION = 1;
				DEVELOPMENT_ASSET_PATHS = "\"swiftPro/Preview Content\"";
				DEVELOPMENT_TEAM = 5C7Q7ZTKVG;
				ENABLE_PREVIEWS = YES;
				GENERATE_INFOPLIST_FILE = YES;
				INFOPLIST_KEY_UIApplicationSceneManifest_Generation = YES;
				INFOPLIST_KEY_UIApplicationSupportsIndirectInputEvents = YES;
				INFOPLIST_KEY_UILaunchScreen_Generation = YES;
				INFOPLIST_KEY_UISupportedInterfaceOrientations_iPad = "UIInterfaceOrientationPortrait UIInterfaceOrientationPortraitUpsideDown UIInterfaceOrientationLandscapeLeft UIInterfaceOrientationLandscapeRight";
				INFOPLIST_KEY_UISupportedInterfaceOrientations_iPhone = "UIInterfaceOrientationPortrait UIInterfaceOrientationLandscapeLeft UIInterfaceOrientationLandscapeRight";
				IPHONEOS_DEPLOYMENT_TARGET = 16.0;
				LD_RUNPATH_SEARCH_PATHS = (
					"$(inherited)",
					"@executable_path/Frameworks",
				);
				MARKETING_VERSION = 1.0;
				PRODUCT_BUNDLE_IDENTIFIER = swifthub.swiftPro;
				PRODUCT_NAME = "$(TARGET_NAME)";
				SWIFT_EMIT_LOC_STRINGS = YES;
				SWIFT_VERSION = 5.0;
				TARGETED_DEVICE_FAMILY = "1,2";
			};
			name = Debug;
		};
		E427A28B2BFC989A004FAAAB /* Release */ = {
			isa = XCBuildConfiguration;
			buildSettings = {
				ASSETCATALOG_COMPILER_APPICON_NAME = AppIcon;
				ASSETCATALOG_COMPILER_GLOBAL_ACCENT_COLOR_NAME = AccentColor;
				CODE_SIGN_STYLE = Automatic;
				CURRENT_PROJECT_VERSION = 1;
				DEVELOPMENT_ASSET_PATHS = "\"swiftPro/Preview Content\"";
				DEVELOPMENT_TEAM = 5C7Q7ZTKVG;
				ENABLE_PREVIEWS = YES;
				GENERATE_INFOPLIST_FILE = YES;
				INFOPLIST_KEY_UIApplicationSceneManifest_Generation = YES;
				INFOPLIST_KEY_UIApplicationSupportsIndirectInputEvents = YES;
				INFOPLIST_KEY_UILaunchScreen_Generation = YES;
				INFOPLIST_KEY_UISupportedInterfaceOrientations_iPad = "UIInterfaceOrientationPortrait UIInterfaceOrientationPortraitUpsideDown UIInterfaceOrientationLandscapeLeft UIInterfaceOrientationLandscapeRight";
				INFOPLIST_KEY_UISupportedInterfaceOrientations_iPhone = "UIInterfaceOrientationPortrait UIInterfaceOrientationLandscapeLeft UIInterfaceOrientationLandscapeRight";
				IPHONEOS_DEPLOYMENT_TARGET = 16.0;
				LD_RUNPATH_SEARCH_PATHS = (
					"$(inherited)",
					"@executable_path/Frameworks",
				);
				MARKETING_VERSION = 1.0;
				PRODUCT_BUNDLE_IDENTIFIER = swifthub.swiftPro;
				PRODUCT_NAME = "$(TARGET_NAME)";
				SWIFT_EMIT_LOC_STRINGS = YES;
				SWIFT_VERSION = 5.0;
				TARGETED_DEVICE_FAMILY = "1,2";
			};
			name = Release;
		};
		E427A28D2BFC989A004FAAAB /* Debug */ = {
			isa = XCBuildConfiguration;
			buildSettings = {
				ALWAYS_EMBED_SWIFT_STANDARD_LIBRARIES = YES;
				BUNDLE_LOADER = "$(TEST_HOST)";
				CODE_SIGN_STYLE = Automatic;
				CURRENT_PROJECT_VERSION = 1;
				GENERATE_INFOPLIST_FILE = YES;
				IPHONEOS_DEPLOYMENT_TARGET = 17.5;
				MARKETING_VERSION = 1.0;
				PRODUCT_BUNDLE_IDENTIFIER = swifthub.swiftProTests;
				PRODUCT_NAME = "$(TARGET_NAME)";
				SWIFT_EMIT_LOC_STRINGS = NO;
				SWIFT_VERSION = 5.0;
				TARGETED_DEVICE_FAMILY = "1,2";
				TEST_HOST = "$(BUILT_PRODUCTS_DIR)/swiftPro.app/$(BUNDLE_EXECUTABLE_FOLDER_PATH)/swiftPro";
			};
			name = Debug;
		};
		E427A28E2BFC989A004FAAAB /* Release */ = {
			isa = XCBuildConfiguration;
			buildSettings = {
				ALWAYS_EMBED_SWIFT_STANDARD_LIBRARIES = YES;
				BUNDLE_LOADER = "$(TEST_HOST)";
				CODE_SIGN_STYLE = Automatic;
				CURRENT_PROJECT_VERSION = 1;
				GENERATE_INFOPLIST_FILE = YES;
				IPHONEOS_DEPLOYMENT_TARGET = 17.5;
				MARKETING_VERSION = 1.0;
				PRODUCT_BUNDLE_IDENTIFIER = swifthub.swiftProTests;
				PRODUCT_NAME = "$(TARGET_NAME)";
				SWIFT_EMIT_LOC_STRINGS = NO;
				SWIFT_VERSION = 5.0;
				TARGETED_DEVICE_FAMILY = "1,2";
				TEST_HOST = "$(BUILT_PRODUCTS_DIR)/swiftPro.app/$(BUNDLE_EXECUTABLE_FOLDER_PATH)/swiftPro";
			};
			name = Release;
		};
		E427A2902BFC989A004FAAAB /* Debug */ = {
			isa = XCBuildConfiguration;
			buildSettings = {
				ALWAYS_EMBED_SWIFT_STANDARD_LIBRARIES = YES;
				CODE_SIGN_STYLE = Automatic;
				CURRENT_PROJECT_VERSION = 1;
				GENERATE_INFOPLIST_FILE = YES;
				MARKETING_VERSION = 1.0;
				PRODUCT_BUNDLE_IDENTIFIER = swifthub.swiftProUITests;
				PRODUCT_NAME = "$(TARGET_NAME)";
				SWIFT_EMIT_LOC_STRINGS = NO;
				SWIFT_VERSION = 5.0;
				TARGETED_DEVICE_FAMILY = "1,2";
				TEST_TARGET_NAME = swiftPro;
			};
			name = Debug;
		};
		E427A2912BFC989A004FAAAB /* Release */ = {
			isa = XCBuildConfiguration;
			buildSettings = {
				ALWAYS_EMBED_SWIFT_STANDARD_LIBRARIES = YES;
				CODE_SIGN_STYLE = Automatic;
				CURRENT_PROJECT_VERSION = 1;
				GENERATE_INFOPLIST_FILE = YES;
				MARKETING_VERSION = 1.0;
				PRODUCT_BUNDLE_IDENTIFIER = swifthub.swiftProUITests;
				PRODUCT_NAME = "$(TARGET_NAME)";
				SWIFT_EMIT_LOC_STRINGS = NO;
				SWIFT_VERSION = 5.0;
				TARGETED_DEVICE_FAMILY = "1,2";
				TEST_TARGET_NAME = swiftPro;
			};
			name = Release;
		};
/* End XCBuildConfiguration section */

/* Begin XCConfigurationList section */
		E427A2602BFC9899004FAAAB /* Build configuration list for PBXProject "swiftPro" */ = {
			isa = XCConfigurationList;
			buildConfigurations = (
				E427A2872BFC989A004FAAAB /* Debug */,
				E427A2882BFC989A004FAAAB /* Release */,
			);
			defaultConfigurationIsVisible = 0;
			defaultConfigurationName = Release;
		};
		E427A2892BFC989A004FAAAB /* Build configuration list for PBXNativeTarget "swiftPro" */ = {
			isa = XCConfigurationList;
			buildConfigurations = (
				E427A28A2BFC989A004FAAAB /* Debug */,
				E427A28B2BFC989A004FAAAB /* Release */,
			);
			defaultConfigurationIsVisible = 0;
			defaultConfigurationName = Release;
		};
		E427A28C2BFC989A004FAAAB /* Build configuration list for PBXNativeTarget "swiftProTests" */ = {
			isa = XCConfigurationList;
			buildConfigurations = (
				E427A28D2BFC989A004FAAAB /* Debug */,
				E427A28E2BFC989A004FAAAB /* Release */,
			);
			defaultConfigurationIsVisible = 0;
			defaultConfigurationName = Release;
		};
		E427A28F2BFC989A004FAAAB /* Build configuration list for PBXNativeTarget "swiftProUITests" */ = {
			isa = XCConfigurationList;
			buildConfigurations = (
				E427A2902BFC989A004FAAAB /* Debug */,
				E427A2912BFC989A004FAAAB /* Release */,
			);
			defaultConfigurationIsVisible = 0;
			defaultConfigurationName = Release;
		};
/* End XCConfigurationList section */

/* Begin XCRemoteSwiftPackageReference section */
		E427A2922BFC9D8C004FAAAB /* XCRemoteSwiftPackageReference "Alamofire" */ = {
			isa = XCRemoteSwiftPackageReference;
			repositoryURL = "https://github.com/Alamofire/Alamofire.git";
			requirement = {
				kind = upToNextMajorVersion;
				minimumVersion = 5.9.1;
			};
		};
		E46ADB792C005A96005F7F64 /* XCRemoteSwiftPackageReference "Kingfisher" */ = {
			isa = XCRemoteSwiftPackageReference;
			repositoryURL = "https://github.com/onevcat/Kingfisher";
			requirement = {
				kind = upToNextMajorVersion;
				minimumVersion = 7.11.0;
			};
		};
/* End XCRemoteSwiftPackageReference section */

/* Begin XCSwiftPackageProductDependency section */
		E46ADB7A2C005AA4005F7F64 /* Kingfisher */ = {
			isa = XCSwiftPackageProductDependency;
			package = E46ADB792C005A96005F7F64 /* XCRemoteSwiftPackageReference "Kingfisher" */;
			productName = Kingfisher;
		};
		E4B2B1C02BFCADAE00A91A53 /* Alamofire */ = {
			isa = XCSwiftPackageProductDependency;
			package = E427A2922BFC9D8C004FAAAB /* XCRemoteSwiftPackageReference "Alamofire" */;
			productName = Alamofire;
		};
/* End XCSwiftPackageProductDependency section */
	};
	rootObject = E427A25D2BFC9899004FAAAB /* Project object */;
}
